
Microsoft Visual Studio Solution File, Format Version 12.00
# Visual Studio 15
VisualStudioVersion = 15.0.28307.1145
MinimumVisualStudioVersion = 10.0.40219.1
Project("{FAE04EC0-301F-11D3-BF4B-00C04F79EFBC}") = "WpfAppTutorial", "WpfAppTutorial\WpfAppTutorial.csproj", "{A3C36E40-7F8A-4CA0-9A95-F0CC2049FA51}"
EndProject
Global
	GlobalSection(SolutionConfigurationPlatforms) = preSolution
		Debug|Any CPU = Debug|Any CPU
		Release|Any CPU = Release|Any CPU
	EndGlobalSection
	GlobalSection(ProjectConfigurationPlatforms) = postSolution
		{A3C36E40-7F8A-4CA0-9A95-F0CC2049FA51}.Debug|Any CPU.ActiveCfg = Debug|Any CPU
		{A3C36E40-7F8A-4CA0-9A95-F0CC2049FA51}.Debug|Any CPU.Build.0 = Debug|Any CPU
		{A3C36E40-7F8A-4CA0-9A95-F0CC2049FA51}.Release|Any CPU.ActiveCfg = Release|Any CPU
		{A3C36E40-7F8A-4CA0-9A95-F0CC2049FA51}.Release|Any CPU.Build.0 = Release|Any CPU
	EndGlobalSection
	GlobalSection(SolutionProperties) = preSolution
		HideSolutionNode = FALSE
	EndGlobalSection
	GlobalSection(ExtensibilityGlobals) = postSolution
		SolutionGuid = {0C8945E2-6F21-439D-ABBB-6301C6068990}
	EndGlobalSection
EndGlobal
